Microsoft Visual Studio Solution File, Format Version 12.00
# Visual Studio Version 17
VisualStudioVersion = 17.5.2.0
MinimumVisualStudioVersion = 10.0.40219.1
Project("{FAE04EC0-301F-11D3-BF4B-00C04F79EFBC}") = "YouTubeVideos", "YouTubeVideos\YouTubeVideos.csproj", "{4C5B0666-ABA1-F966-920A-791F331C068F}"
EndProject
Project("{FAE04EC0-301F-11D3-BF4B-00C04F79EFBC}") = "OnlineOrdering", "OnlineOrdering\OnlineOrdering.csproj", "{24888596-8346-B3EC-483A-CFD03DE42497}"
EndProject
Global
	GlobalSection(SolutionConfigurationPlatforms) = preSolution
		Debug|Any CPU = Debug|Any CPU
		Release|Any CPU = Release|Any CPU
	EndGlobalSection
	GlobalSection(ProjectConfigurationPlatforms) = postSolution
		{4C5B0666-ABA1-F966-920A-791F331C068F}.Debug|Any CPU.ActiveCfg = Debug|Any CPU
		{4C5B0666-ABA1-F966-920A-791F331C068F}.Debug|Any CPU.Build.0 = Debug|Any CPU
		{4C5B0666-ABA1-F966-920A-791F331C068F}.Release|Any CPU.ActiveCfg = Release|Any CPU
		{4C5B0666-ABA1-F966-920A-791F331C068F}.Release|Any CPU.Build.0 = Release|Any CPU
		{24888596-8346-B3EC-483A-CFD03DE42497}.Debug|Any CPU.ActiveCfg = Debug|Any CPU
		{24888596-8346-B3EC-483A-CFD03DE42497}.Debug|Any CPU.Build.0 = Debug|Any CPU
		{24888596-8346-B3EC-483A-CFD03DE42497}.Release|Any CPU.ActiveCfg = Release|Any CPU
		{24888596-8346-B3EC-483A-CFD03DE42497}.Release|Any CPU.Build.0 = Release|Any CPU
	EndGlobalSection
	GlobalSection(SolutionProperties) = preSolution
		HideSolutionNode = FALSE
	EndGlobalSection
	GlobalSection(ExtensibilityGlobals) = postSolution
		SolutionGuid = {6D41B7E8-880A-4782-9A53-68C857775E6F}
	EndGlobalSection
EndGlobal
